
Microsoft Visual Studio Solution File, Format Version 12.00
# Visual Studio Version 17
VisualStudioVersion = 17.1.32228.430
MinimumVisualStudioVersion = 10.0.40219.1
Project("{FAE04EC0-301F-11D3-BF4B-00C04F79EFBC}") = "ModalModeless", "ModalModeless\ModalModeless.csproj", "{D06036F0-2809-4400-BED3-00C238943212}"
EndProject
Global
	GlobalSection(SolutionConfigurationPlatforms) = preSolution
		Debug|Any CPU = Debug|Any CPU
		Release|Any CPU = Release|Any CPU
	EndGlobalSection
	GlobalSection(ProjectConfigurationPlatforms) = postSolution
		{D06036F0-2809-4400-BED3-00C238943212}.Debug|Any CPU.ActiveCfg = Debug|Any CPU
		{D06036F0-2809-4400-BED3-00C238943212}.Debug|Any CPU.Build.0 = Debug|Any CPU
		{D06036F0-2809-4400-BED3-00C238943212}.Release|Any CPU.ActiveCfg = Release|Any CPU
		{D06036F0-2809-4400-BED3-00C238943212}.Release|Any CPU.Build.0 = Release|Any CPU
	EndGlobalSection
	GlobalSection(SolutionProperties) = preSolution
		HideSolutionNode = FALSE
	EndGlobalSection
	GlobalSection(ExtensibilityGlobals) = postSolution
		SolutionGuid = {B8E60290-6DE9-4F97-8B21-5FEE601E1D9C}
	EndGlobalSection
EndGlobal
